
Microsoft Visual Studio Solution File, Format Version 12.00
# Visual Studio Version 16
VisualStudioVersion = 16.0.31727.386
MinimumVisualStudioVersion = 10.0.40219.1
Project("{9A19103F-16F7-4668-BE54-9A1E7A4F7556}") = "actividad1", "actividad1.csproj", "{6BC7BAC3-2C57-432E-ADED-68B902EF2EBF}"
EndProject
Project("{9A19103F-16F7-4668-BE54-9A1E7A4F7556}") = "actividad2", "..\actividad2\actividad2.csproj", "{DD0DEA1B-B383-464A-9EDE-5418949F16AC}"
EndProject
Project("{9A19103F-16F7-4668-BE54-9A1E7A4F7556}") = "actividad3", "..\actividad3\actividad3.csproj", "{B454ECE8-6958-4377-8C14-9298013F08F7}"
EndProject
Project("{FAE04EC0-301F-11D3-BF4B-00C04F79EFBC}") = "actividad4", "..\actividad4\actividad4.csproj", "{BF9DE60C-F1E0-4C98-B774-59397F2FC2DC}"
EndProject
Global
	GlobalSection(SolutionConfigurationPlatforms) = preSolution
		Debug|Any CPU = Debug|Any CPU
		Release|Any CPU = Release|Any CPU
	EndGlobalSection
	GlobalSection(ProjectConfigurationPlatforms) = postSolution
		{6BC7BAC3-2C57-432E-ADED-68B902EF2EBF}.Debug|Any CPU.ActiveCfg = Debug|Any CPU
		{6BC7BAC3-2C57-432E-ADED-68B902EF2EBF}.Debug|Any CPU.Build.0 = Debug|Any CPU
		{6BC7BAC3-2C57-432E-ADED-68B902EF2EBF}.Release|Any CPU.ActiveCfg = Release|Any CPU
		{6BC7BAC3-2C57-432E-ADED-68B902EF2EBF}.Release|Any CPU.Build.0 = Release|Any CPU
		{DD0DEA1B-B383-464A-9EDE-5418949F16AC}.Debug|Any CPU.ActiveCfg = Debug|Any CPU
		{DD0DEA1B-B383-464A-9EDE-5418949F16AC}.Debug|Any CPU.Build.0 = Debug|Any CPU
		{DD0DEA1B-B383-464A-9EDE-5418949F16AC}.Release|Any CPU.ActiveCfg = Release|Any CPU
		{DD0DEA1B-B383-464A-9EDE-5418949F16AC}.Release|Any CPU.Build.0 = Release|Any CPU
		{B454ECE8-6958-4377-8C14-9298013F08F7}.Debug|Any CPU.ActiveCfg = Debug|Any CPU
		{B454ECE8-6958-4377-8C14-9298013F08F7}.Debug|Any CPU.Build.0 = Debug|Any CPU
		{B454ECE8-6958-4377-8C14-9298013F08F7}.Release|Any CPU.ActiveCfg = Release|Any CPU
		{B454ECE8-6958-4377-8C14-9298013F08F7}.Release|Any CPU.Build.0 = Release|Any CPU
		{BF9DE60C-F1E0-4C98-B774-59397F2FC2DC}.Debug|Any CPU.ActiveCfg = Debug|Any CPU
		{BF9DE60C-F1E0-4C98-B774-59397F2FC2DC}.Debug|Any CPU.Build.0 = Debug|Any CPU
		{BF9DE60C-F1E0-4C98-B774-59397F2FC2DC}.Release|Any CPU.ActiveCfg = Release|Any CPU
		{BF9DE60C-F1E0-4C98-B774-59397F2FC2DC}.Release|Any CPU.Build.0 = Release|Any CPU
	EndGlobalSection
	GlobalSection(SolutionProperties) = preSolution
		HideSolutionNode = FALSE
	EndGlobalSection
	GlobalSection(ExtensibilityGlobals) = postSolution
		SolutionGuid = {E50CC480-DCFA-43B1-8296-475B2C5F06A6}
	EndGlobalSection
EndGlobal
